{
  "name": "myforge-tooling",
  "version": "0.0.0",
  "lockfileVersion": 3,
  "requires": true,
  "packages": {
    "": {
      "name": "myforge-tooling",
      "version": "0.0.0",
      "devDependencies": {
        "@biomejs/biome": "^2.5.11"
      }
    },
    "node_modules/@biomejs/biome": {
      "version": "2.5.11",
      "resolved": "https://ms-feed-25.pkgs.visualstudio.com/1es-public/_packaging/npm-public/npm/registry/@biomejs/biome/-/biome-2.5.11.tgz",
      "integrity": "sha1-IyWp9UplHQQgvh8VFzgPVgE/e6E=",
      "dev": true,
      "license": "MIT OR Apache-2.0",
      "bin": {
        "biome": "bin/biome"
      },
      "engines": {
        "node": ">=14.21.3"
      },
      "funding": {
        "type": "opencollective",
        "url": "https://opencollective.com/biome"
      },
      "optionalDependencies": {
        "@biomejs/cli-darwin-arm64": "2.5.11",
        "@biomejs/cli-darwin-x64": "2.5.11",
        "@biomejs/cli-linux-arm64": "2.5.11",
        "@biomejs/cli-linux-arm64-musl": "2.5.11",
        "@biomejs/cli-linux-x64": "2.5.11",
        "@biomejs/cli-linux-x64-musl": "2.5.11",
        "@biomejs/cli-win32-arm64": "2.5.11",
        "@biomejs/cli-win32-x64": "2.5.11"
      }
    },
    "node_modules/@biomejs/cli-darwin-arm64": {
      "version": "2.5.11",
      "resolved": "https://ms-feed-25.pkgs.visualstudio.com/1es-public/_packaging/npm-public/npm/registry/@biomejs/cli-darwin-arm64/-/cli-darwin-arm64-2.5.11.tgz",
      "integrity": "sha1-K4rzWfxD8QyBuIYhiEsl7IMTAFQ=",
      "cpu": [
        "arm64"
      ],
      "dev": true,
      "license": "MIT OR Apache-2.0",
      "optional": true,
      "os": [
        "darwin"
      ],
      "engines": {
        "node": ">=14.21.3"
      }
    },
    "node_modules/@biomejs/cli-darwin-x64": {
      "version": "2.5.11",
      "resolved": "https://ms-feed-25.pkgs.visualstudio.com/1es-public/_packaging/npm-public/npm/registry/@biomejs/cli-darwin-x64/-/cli-darwin-x64-2.5.11.tgz",
      "integrity": "sha1-Su3KMUlXGGsNn56Tr8/5XR4UJSM=",
      "cpu": [
        "x64"
      ],
      "dev": true,
      "license": "MIT OR Apache-2.0",
      "optional": true,
      "os": [
        "darwin"
      ],
      "engines": {
        "node": ">=14.21.3"
      }
    },
    "node_modules/@biomejs/cli-linux-arm64": {
      "version": "2.5.11",
      "resolved": "https://ms-feed-25.pkgs.visualstudio.com/1es-public/_packaging/npm-public/npm/registry/@biomejs/cli-linux-arm64/-/cli-linux-arm64-2.5.11.tgz",
      "integrity": "sha1-q3uVHzEwUMBHKURBMzx9vi+bYi0=",
      "cpu": [
        "arm64"
      ],
      "dev": true,
      "license": "MIT OR Apache-2.0",
      "optional": true,
      "os": [
        "linux"
      ],
      "engines": {
        "node": ">=14.21.3"
      }
    },
    "node_modules/@biomejs/cli-linux-arm64-musl": {
      "version": "2.5.11",
      "resolved": "https://ms-feed-25.pkgs.visualstudio.com/1es-public/_packaging/npm-public/npm/registry/@biomejs/cli-linux-arm64-musl/-/cli-linux-arm64-musl-2.5.11.tgz",
      "integrity": "sha1-KTikCYYmJDHS0mPJ69CRypCvbgU=",
      "cpu": [
        "arm64"
      ],
      "dev": true,
      "license": "MIT OR Apache-2.0",
      "optional": true,
      "os": [
        "linux"
      ],
      "engines": {
        "node": ">=14.21.3"
      }
    },
    "node_modules/@biomejs/cli-linux-x64": {
      "version": "2.5.11",
      "resolved": "https://ms-feed-25.pkgs.visualstudio.com/1es-public/_packaging/npm-public/npm/registry/@biomejs/cli-linux-x64/-/cli-linux-x64-2.5.11.tgz",
      "integrity": "sha1-3J5oJOOKNNmpU4PjHVmk8j72AYE=",
      "cpu": [
        "x64"
      ],
      "dev": true,
      "license": "MIT OR Apache-2.0",
      "optional": true,
      "os": [
        "linux"
      ],
      "engines": {
        "node": ">=14.21.3"
      }
    },
    "node_modules/@biomejs/cli-linux-x64-musl": {
      "version": "2.5.11",
      "resolved": "https://ms-feed-25.pkgs.visualstudio.com/1es-public/_packaging/npm-public/npm/registry/@biomejs/cli-linux-x64-musl/-/cli-linux-x64-musl-2.5.11.tgz",
      "integrity": "sha1-HGtO7ou6XRn94Knt7MPIZaoV5cc=",
      "cpu": [
        "x64"
      ],
      "dev": true,
      "license": "MIT OR Apache-2.0",
      "optional": true,
      "os": [
        "linux"
      ],
      "engines": {
        "node": ">=14.21.3"
      }
    },
    "node_modules/@biomejs/cli-win32-arm64": {
      "version": "2.5.11",
      "resolved": "https://ms-feed-25.pkgs.visualstudio.com/1es-public/_packaging/npm-public/npm/registry/@biomejs/cli-win32-arm64/-/cli-win32-arm64-2.5.11.tgz",
      "integrity": "sha1-fJ+rx9J8N5QSL6SZ3MlEojKpbts=",
      "cpu": [
        "arm64"
      ],
      "dev": true,
      "license": "MIT OR Apache-2.0",
      "optional": true,
      "os": [
        "win32"
      ],
      "engines": {
        "node": ">=14.21.3"
      }
    },
    "node_modules/@biomejs/cli-win32-x64": {
      "version": "2.5.11",
      "resolved": "https://ms-feed-25.pkgs.visualstudio.com/1es-public/_packaging/npm-public/npm/registry/@biomejs/cli-win32-x64/-/cli-win32-x64-2.5.11.tgz",
      "integrity": "sha1-AEAAOVjzul1qJVgBHKAr22CIIfU=",
      "cpu": [
        "x64"
      ],
      "dev": true,
      "license": "MIT OR Apache-2.0",
      "optional": true,
      "os": [
        "win32"
      ],
      "engines": {
        "node": ">=14.21.3"
      }
    }
  }
}
